
Microsoft Visual Studio Solution File, Format Version 12.00
# Visual Studio Version 17
VisualStudioVersion = 17.2.32516.85
MinimumVisualStudioVersion = 10.0.40219.1
Project("{8BC9CEB8-8B4A-11D0-8D11-00A0C91BC942}") = "c++Console", "c++Console.vcxproj", "{B5E38E31-E41A-4045-B84F-5543B153B208}"
EndProject
Global
	GlobalSection(SolutionConfigurationPlatforms) = preSolution
		debug_emscripten|ARM = debug_emscripten|ARM
		debug_emscripten|ARM64 = debug_emscripten|ARM64
		debug_emscripten|Emscripten = debug_emscripten|Emscripten
		debug_emscripten|PS3 = debug_emscripten|PS3
		debug_emscripten|Release = debug_emscripten|Release
		debug_emscripten|x64 = debug_emscripten|x64
		debug_emscripten|x86 = debug_emscripten|x86
		debug_ps3|ARM = debug_ps3|ARM
		debug_ps3|ARM64 = debug_ps3|ARM64
		debug_ps3|Emscripten = debug_ps3|Emscripten
		debug_ps3|PS3 = debug_ps3|PS3
		debug_ps3|Release = debug_ps3|Release
		debug_ps3|x64 = debug_ps3|x64
		debug_ps3|x86 = debug_ps3|x86
		debug_windows_md|ARM = debug_windows_md|ARM
		debug_windows_md|ARM64 = debug_windows_md|ARM64
		debug_windows_md|Emscripten = debug_windows_md|Emscripten
		debug_windows_md|PS3 = debug_windows_md|PS3
		debug_windows_md|Release = debug_windows_md|Release
		debug_windows_md|x64 = debug_windows_md|x64
		debug_windows_md|x86 = debug_windows_md|x86
		debug_windows_mt|ARM = debug_windows_mt|ARM
		debug_windows_mt|ARM64 = debug_windows_mt|ARM64
		debug_windows_mt|Emscripten = debug_windows_mt|Emscripten
		debug_windows_mt|PS3 = debug_windows_mt|PS3
		debug_windows_mt|Release = debug_windows_mt|Release
		debug_windows_mt|x64 = debug_windows_mt|x64
		debug_windows_mt|x86 = debug_windows_mt|x86
		Debug|ARM = Debug|ARM
		Debug|ARM64 = Debug|ARM64
		Debug|Emscripten = Debug|Emscripten
		Debug|PS3 = Debug|PS3
		Debug|Release = Debug|Release
		Debug|x64 = Debug|x64
		Debug|x86 = Debug|x86
		release_emscripten|ARM = release_emscripten|ARM
		release_emscripten|ARM64 = release_emscripten|ARM64
		release_emscripten|Emscripten = release_emscripten|Emscripten
		release_emscripten|PS3 = release_emscripten|PS3
		release_emscripten|Release = release_emscripten|Release
		release_emscripten|x64 = release_emscripten|x64
		release_emscripten|x86 = release_emscripten|x86
		release_ps3|ARM = release_ps3|ARM
		release_ps3|ARM64 = release_ps3|ARM64
		release_ps3|Emscripten = release_ps3|Emscripten
		release_ps3|PS3 = release_ps3|PS3
		release_ps3|Release = release_ps3|Release
		release_ps3|x64 = release_ps3|x64
		release_ps3|x86 = release_ps3|x86
		release_windows_md|ARM = release_windows_md|ARM
		release_windows_md|ARM64 = release_windows_md|ARM64
		release_windows_md|Emscripten = release_windows_md|Emscripten
		release_windows_md|PS3 = release_windows_md|PS3
		release_windows_md|Release = release_windows_md|Release
		release_windows_md|x64 = release_windows_md|x64
		release_windows_md|x86 = release_windows_md|x86
		release_windows_mt|ARM = release_windows_mt|ARM
		release_windows_mt|ARM64 = release_windows_mt|ARM64
		release_windows_mt|Emscripten = release_windows_mt|Emscripten
		release_windows_mt|PS3 = release_windows_mt|PS3
		release_windows_mt|Release = release_windows_mt|Release
		release_windows_mt|x64 = release_windows_mt|x64
		release_windows_mt|x86 = release_windows_mt|x86
		Release|ARM = Release|ARM
		Release|ARM64 = Release|ARM64
		Release|Emscripten = Release|Emscripten
		Release|PS3 = Release|PS3
		Release|Release = Release|Release
		Release|x64 = Release|x64
		Release|x86 = Release|x86
	EndGlobalSection
	GlobalSection(ProjectConfigurationPlatforms) = postSolution
		{B5E38E31-E41A-4045-B84F-5543B153B208}.debug_emscripten|ARM.ActiveCfg = Debug|x64
		{B5E38E31-E41A-4045-B84F-5543B153B208}.debug_emscripten|ARM.Build.0 = Debug|x64
		{B5E38E31-E41A-4045-B84F-5543B153B208}.debug_emscripten|ARM64.ActiveCfg = Debug|x64
		{B5E38E31-E41A-4045-B84F-5543B153B208}.debug_emscripten|ARM64.Build.0 = Debug|x64
		{B5E38E31-E41A-4045-B84F-5543B153B208}.debug_emscripten|Emscripten.ActiveCfg = Debug|x64
		{B5E38E31-E41A-4045-B84F-5543B153B208}.debug_emscripten|Emscripten.Build.0 = Debug|x64
		{B5E38E31-E41A-4045-B84F-5543B153B208}.debug_emscripten|PS3.ActiveCfg = Debug|x64
		{B5E38E31-E41A-4045-B84F-5543B153B208}.debug_emscripten|PS3.Build.0 = Debug|x64
		{B5E38E31-E41A-4045-B84F-5543B153B208}.debug_emscripten|Release.ActiveCfg = Debug|x64
		{B5E38E31-E41A-4045-B84F-5543B153B208}.debug_emscripten|Release.Build.0 = Debug|x64
		{B5E38E31-E41A-4045-B84F-5543B153B208}.debug_emscripten|x64.ActiveCfg = Debug|x64
		{B5E38E31-E41A-4045-B84F-5543B153B208}.debug_emscripten|x64.Build.0 = Debug|x64
		{B5E38E31-E41A-4045-B84F-5543B153B208}.debug_emscripten|x86.ActiveCfg = Debug|Win32
		{B5E38E31-E41A-4045-B84F-5543B153B208}.debug_emscripten|x86.Build.0 = Debug|Win32
		{B5E38E31-E41A-4045-B84F-5543B153B208}.debug_ps3|ARM.ActiveCfg = Debug|x64
		{B5E38E31-E41A-4045-B84F-5543B153B208}.debug_ps3|ARM.Build.0 = Debug|x64
		{B5E38E31-E41A-4045-B84F-5543B153B208}.debug_ps3|ARM64.ActiveCfg = Debug|x64
		{B5E38E31-E41A-4045-B84F-5543B153B208}.debug_ps3|ARM64.Build.0 = Debug|x64
		{B5E38E31-E41A-4045-B84F-5543B153B208}.debug_ps3|Emscripten.ActiveCfg = Debug|x64
		{B5E38E31-E41A-4045-B84F-5543B153B208}.debug_ps3|Emscripten.Build.0 = Debug|x64
		{B5E38E31-E41A-4045-B84F-5543B153B208}.debug_ps3|PS3.ActiveCfg = Debug|x64
		{B5E38E31-E41A-4045-B84F-5543B153B208}.debug_ps3|PS3.Build.0 = Debug|x64
		{B5E38E31-E41A-4045-B84F-5543B153B208}.debug_ps3|Release.ActiveCfg = Debug|x64
		{B5E38E31-E41A-4045-B84F-5543B153B208}.debug_ps3|Release.Build.0 = Debug|x64
		{B5E38E31-E41A-4045-B84F-5543B153B208}.debug_ps3|x64.ActiveCfg = Debug|x64
		{B5E38E31-E41A-4045-B84F-5543B153B208}.debug_ps3|x64.Build.0 = Debug|x64
		{B5E38E31-E41A-4045-B84F-5543B153B208}.debug_ps3|x86.ActiveCfg = Debug|Win32
		{B5E38E31-E41A-4045-B84F-5543B153B208}.debug_ps3|x86.Build.0 = Debug|Win32
		{B5E38E31-E41A-4045-B84F-5543B153B208}.debug_windows_md|ARM.ActiveCfg = Debug|x64
		{B5E38E31-E41A-4045-B84F-5543B153B208}.debug_windows_md|ARM.Build.0 = Debug|x64
		{B5E38E31-E41A-4045-B84F-5543B153B208}.debug_windows_md|ARM64.ActiveCfg = Debug|x64
		{B5E38E31-E41A-4045-B84F-5543B153B208}.debug_windows_md|ARM64.Build.0 = Debug|x64
		{B5E38E31-E41A-4045-B84F-5543B153B208}.debug_windows_md|Emscripten.ActiveCfg = Debug|x64
		{B5E38E31-E41A-4045-B84F-5543B153B208}.debug_windows_md|Emscripten.Build.0 = Debug|x64
		{B5E38E31-E41A-4045-B84F-5543B153B208}.debug_windows_md|PS3.ActiveCfg = Debug|x64
		{B5E38E31-E41A-4045-B84F-5543B153B208}.debug_windows_md|PS3.Build.0 = Debug|x64
		{B5E38E31-E41A-4045-B84F-5543B153B208}.debug_windows_md|Release.ActiveCfg = Debug|x64
		{B5E38E31-E41A-4045-B84F-5543B153B208}.debug_windows_md|Release.Build.0 = Debug|x64
		{B5E38E31-E41A-4045-B84F-5543B153B208}.debug_windows_md|x64.ActiveCfg = Debug|x64
		{B5E38E31-E41A-4045-B84F-5543B153B208}.debug_windows_md|x64.Build.0 = Debug|x64
		{B5E38E31-E41A-4045-B84F-5543B153B208}.debug_windows_md|x86.ActiveCfg = Debug|Win32
		{B5E38E31-E41A-4045-B84F-5543B153B208}.debug_windows_md|x86.Build.0 = Debug|Win32
		{B5E38E31-E41A-4045-B84F-5543B153B208}.debug_windows_mt|ARM.ActiveCfg = Debug|x64
		{B5E38E31-E41A-4045-B84F-5543B153B208}.debug_windows_mt|ARM.Build.0 = Debug|x64
		{B5E38E31-E41A-4045-B84F-5543B153B208}.debug_windows_mt|ARM64.ActiveCfg = Debug|x64
		{B5E38E31-E41A-4045-B84F-5543B153B208}.debug_windows_mt|ARM64.Build.0 = Debug|x64
		{B5E38E31-E41A-4045-B84F-5543B153B208}.debug_windows_mt|Emscripten.ActiveCfg = Debug|x64
		{B5E38E31-E41A-4045-B84F-5543B153B208}.debug_windows_mt|Emscripten.Build.0 = Debug|x64
		{B5E38E31-E41A-4045-B84F-5543B153B208}.debug_windows_mt|PS3.ActiveCfg = Debug|x64
		{B5E38E31-E41A-4045-B84F-5543B153B208}.debug_windows_mt|PS3.Build.0 = Debug|x64
		{B5E38E31-E41A-4045-B84F-5543B153B208}.debug_windows_mt|Release.ActiveCfg = Debug|x64
		{B5E38E31-E41A-4045-B84F-5543B153B208}.debug_windows_mt|Release.Build.0 = Debug|x64
		{B5E38E31-E41A-4045-B84F-5543B153B208}.debug_windows_mt|x64.ActiveCfg = Debug|x64
		{B5E38E31-E41A-4045-B84F-5543B153B208}.debug_windows_mt|x64.Build.0 = Debug|x64
		{B5E38E31-E41A-4045-B84F-5543B153B208}.debug_windows_mt|x86.ActiveCfg = Debug|Win32
		{B5E38E31-E41A-4045-B84F-5543B153B208}.debug_windows_mt|x86.Build.0 = Debug|Win32
		{B5E38E31-E41A-4045-B84F-5543B153B208}.Debug|ARM.ActiveCfg = Debug|x64
		{B5E38E31-E41A-4045-B84F-5543B153B208}.Debug|ARM.Build.0 = Debug|x64
		{B5E38E31-E41A-4045-B84F-5543B153B208}.Debug|ARM64.ActiveCfg = Debug|x64
		{B5E38E31-E41A-4045-B84F-5543B153B208}.Debug|ARM64.Build.0 = Debug|x64
		{B5E38E31-E41A-4045-B84F-5543B153B208}.Debug|Emscripten.ActiveCfg = Debug|x64
		{B5E38E31-E41A-4045-B84F-5543B153B208}.Debug|Emscripten.Build.0 = Debug|x64
		{B5E38E31-E41A-4045-B84F-5543B153B208}.Debug|PS3.ActiveCfg = Debug|x64
		{B5E38E31-E41A-4045-B84F-5543B153B208}.Debug|PS3.Build.0 = Debug|x64
		{B5E38E31-E41A-4045-B84F-5543B153B208}.Debug|Release.ActiveCfg = Debug|x64
		{B5E38E31-E41A-4045-B84F-5543B153B208}.Debug|Release.Build.0 = Debug|x64
		{B5E38E31-E41A-4045-B84F-5543B153B208}.Debug|x64.ActiveCfg = Debug|x64
		{B5E38E31-E41A-4045-B84F-5543B153B208}.Debug|x64.Build.0 = Debug|x64
		{B5E38E31-E41A-4045-B84F-5543B153B208}.Debug|x86.ActiveCfg = Debug|Win32
		{B5E38E31-E41A-4045-B84F-5543B153B208}.Debug|x86.Build.0 = Debug|Win32
		{B5E38E31-E41A-4045-B84F-5543B153B208}.release_emscripten|ARM.ActiveCfg = Debug|x64
		{B5E38E31-E41A-4045-B84F-5543B153B208}.release_emscripten|ARM64.ActiveCfg = Debug|x64
		{B5E38E31-E41A-4045-B84F-5543B153B208}.release_emscripten|Emscripten.ActiveCfg = Debug|x64
		{B5E38E31-E41A-4045-B84F-5543B153B208}.release_emscripten|PS3.ActiveCfg = Debug|x64
		{B5E38E31-E41A-4045-B84F-5543B153B208}.release_emscripten|Release.ActiveCfg = Debug|x64
		{B5E38E31-E41A-4045-B84F-5543B153B208}.release_emscripten|x64.ActiveCfg = Debug|x64
		{B5E38E31-E41A-4045-B84F-5543B153B208}.release_emscripten|x86.ActiveCfg = Debug|Win32
		{B5E38E31-E41A-4045-B84F-5543B153B208}.release_ps3|ARM.ActiveCfg = Debug|x64
		{B5E38E31-E41A-4045-B84F-5543B153B208}.release_ps3|ARM64.ActiveCfg = Debug|x64
		{B5E38E31-E41A-4045-B84F-5543B153B208}.release_ps3|Emscripten.ActiveCfg = Debug|x64
		{B5E38E31-E41A-4045-B84F-5543B153B208}.release_ps3|PS3.ActiveCfg = Debug|x64
		{B5E38E31-E41A-4045-B84F-5543B153B208}.release_ps3|Release.ActiveCfg = Debug|x64
		{B5E38E31-E41A-4045-B84F-5543B153B208}.release_ps3|x64.ActiveCfg = Debug|x64
		{B5E38E31-E41A-4045-B84F-5543B153B208}.release_ps3|x86.ActiveCfg = Debug|Win32
		{B5E38E31-E41A-4045-B84F-5543B153B208}.release_windows_md|ARM.ActiveCfg = Debug|x64
		{B5E38E31-E41A-4045-B84F-5543B153B208}.release_windows_md|ARM64.ActiveCfg = Debug|x64
		{B5E38E31-E41A-4045-B84F-5543B153B208}.release_windows_md|Emscripten.ActiveCfg = Debug|x64
		{B5E38E31-E41A-4045-B84F-5543B153B208}.release_windows_md|PS3.ActiveCfg = Debug|x64
		{B5E38E31-E41A-4045-B84F-5543B153B208}.release_windows_md|Release.ActiveCfg = Debug|x64
		{B5E38E31-E41A-4045-B84F-5543B153B208}.release_windows_md|x64.ActiveCfg = Debug|x64
		{B5E38E31-E41A-4045-B84F-5543B153B208}.release_windows_md|x86.ActiveCfg = Debug|Win32
		{B5E38E31-E41A-4045-B84F-5543B153B208}.release_windows_mt|ARM.ActiveCfg = Debug|x64
		{B5E38E31-E41A-4045-B84F-5543B153B208}.release_windows_mt|ARM64.ActiveCfg = Debug|x64
		{B5E38E31-E41A-4045-B84F-5543B153B208}.release_windows_mt|Emscripten.ActiveCfg = Debug|x64
		{B5E38E31-E41A-4045-B84F-5543B153B208}.release_windows_mt|PS3.ActiveCfg = Debug|x64
		{B5E38E31-E41A-4045-B84F-5543B153B208}.release_windows_mt|Release.ActiveCfg = Debug|x64
		{B5E38E31-E41A-4045-B84F-5543B153B208}.release_windows_mt|x64.ActiveCfg = Debug|x64
		{B5E38E31-E41A-4045-B84F-5543B153B208}.release_windows_mt|x86.ActiveCfg = Debug|Win32
		{B5E38E31-E41A-4045-B84F-5543B153B208}.Release|ARM.ActiveCfg = Release|x64
		{B5E38E31-E41A-4045-B84F-5543B153B208}.Release|ARM.Build.0 = Release|x64
		{B5E38E31-E41A-4045-B84F-5543B153B208}.Release|ARM64.ActiveCfg = Release|x64
		{B5E38E31-E41A-4045-B84F-5543B153B208}.Release|ARM64.Build.0 = Release|x64
		{B5E38E31-E41A-4045-B84F-5543B153B208}.Release|Emscripten.ActiveCfg = Release|x64
		{B5E38E31-E41A-4045-B84F-5543B153B208}.Release|Emscripten.Build.0 = Release|x64
		{B5E38E31-E41A-4045-B84F-5543B153B208}.Release|PS3.ActiveCfg = Release|x64
		{B5E38E31-E41A-4045-B84F-5543B153B208}.Release|PS3.Build.0 = Release|x64
		{B5E38E31-E41A-4045-B84F-5543B153B208}.Release|Release.ActiveCfg = Release|x64
		{B5E38E31-E41A-4045-B84F-5543B153B208}.Release|Release.Build.0 = Release|x64
		{B5E38E31-E41A-4045-B84F-5543B153B208}.Release|x64.ActiveCfg = Release|x64
		{B5E38E31-E41A-4045-B84F-5543B153B208}.Release|x64.Build.0 = Release|x64
		{B5E38E31-E41A-4045-B84F-5543B153B208}.Release|x86.ActiveCfg = Release|Win32
		{B5E38E31-E41A-4045-B84F-5543B153B208}.Release|x86.Build.0 = Release|Win32
	EndGlobalSection
	GlobalSection(SolutionProperties) = preSolution
		HideSolutionNode = FALSE
	EndGlobalSection
	GlobalSection(ExtensibilityGlobals) = postSolution
		SolutionGuid = {44E645DF-069D-486A-B008-4B7EB250D467}
	EndGlobalSection
EndGlobal
